
Microsoft Visual Studio Solution File, Format Version 12.00
# Visual Studio Version 17
VisualStudioVersion = 17.11.35327.3
MinimumVisualStudioVersion = 10.0.40219.1
Project("{FAE04EC0-301F-11D3-BF4B-00C04F79EFBC}") = "SimuladorMemoriaBueno", "SimuladorMemoriaBueno\SimuladorMemoriaBueno.csproj", "{4D2229D4-4BB1-448F-9A46-78351F1BEAE0}"
EndProject
Global
	GlobalSection(SolutionConfigurationPlatforms) = preSolution
		Debug|Any CPU = Debug|Any CPU
		Release|Any CPU = Release|Any CPU
	EndGlobalSection
	GlobalSection(ProjectConfigurationPlatforms) = postSolution
		{4D2229D4-4BB1-448F-9A46-78351F1BEAE0}.Debug|Any CPU.ActiveCfg = Debug|Any CPU
		{4D2229D4-4BB1-448F-9A46-78351F1BEAE0}.Debug|Any CPU.Build.0 = Debug|Any CPU
		{4D2229D4-4BB1-448F-9A46-78351F1BEAE0}.Release|Any CPU.ActiveCfg = Release|Any CPU
		{4D2229D4-4BB1-448F-9A46-78351F1BEAE0}.Release|Any CPU.Build.0 = Release|Any CPU
	EndGlobalSection
	GlobalSection(SolutionProperties) = preSolution
		HideSolutionNode = FALSE
	EndGlobalSection
	GlobalSection(ExtensibilityGlobals) = postSolution
		SolutionGuid = {E7C18D30-4EF2-4FC8-90DE-E22A978A09A7}
	EndGlobalSection
EndGlobal
